// !$*UTF8*$!
{
	archiveVersion = 1;
	classes = {
	};
	objectVersion = 46;
	objects = {

/* Begin PBXBuildFile section */
		37C8ED6720A3358F001145EE /* AppDelegate.swift in Sources */ = {isa = PBXBuildFile; fileRef = 37C8ED6620A3358F001145EE /* AppDelegate.swift */; };
		37C8ED6920A3358F001145EE /* ViewController.swift in Sources */ = {isa = PBXBuildFile; fileRef = 37C8ED6820A3358F001145EE /* ViewController.swift */; };
		37C8ED6C20A3358F001145EE /* Main.storyboard in Resources */ = {isa = PBXBuildFile; fileRef = 37C8ED6A20A3358F001145EE /* Main.storyboard */; };
		37C8ED6E20A3358F001145EE /* Assets.xcassets in Resources */ = {isa = PBXBuildFile; fileRef = 37C8ED6D20A3358F001145EE /* Assets.xcassets */; };
		37C8ED7120A3358F001145EE /* LaunchScreen.storyboard in Resources */ = {isa = PBXBuildFile; fileRef = 37C8ED6F20A3358F001145EE /* LaunchScreen.storyboard */; };
/* End PBXBuildFile section */

/* Begin PBXFileReference section */
		37C8ED6320A3358F001145EE /* magic 8 ball.app */ = {isa = PBXFileReference; explicitFileType = wrapper.application; includeInIndex = 0; path = "magic 8 ball.app"; sourceTree = BUILT_PRODUCTS_DIR; };
		37C8ED6620A3358F001145EE /* AppDelegate.swift */ = {isa = PBXFileReference; lastKnownFileType = sourcecode.swift; path = AppDelegate.swift; sourceTree = "<group>"; };
		37C8ED6820A3358F001145EE /* ViewController.swift */ = {isa = PBXFileReference; lastKnownFileType = sourcecode.swift; path = ViewController.swift; sourceTree = "<group>"; };
		37C8ED6B20A3358F001145EE /* Base */ = {isa = PBXFileReference; lastKnownFileType = file.storyboard; name = Base; path = Base.lproj/Main.storyboard; sourceTree = "<group>"; };
		37C8ED6D20A3358F001145EE /* Assets.xcassets */ = {isa = PBXFileReference; lastKnownFileType = folder.assetcatalog; path = Assets.xcassets; sourceTree = "<group>"; };
		37C8ED7020A3358F001145EE /* Base */ = {isa = PBXFileReference; lastKnownFileType = file.storyboard; name = Base; path = Base.lproj/LaunchScreen.storyboard; sourceTree = "<group>"; };
		37C8ED7220A3358F001145EE /* Info.plist */ = {isa = PBXFileReference; lastKnownFileType = text.plist.xml; path = Info.plist; sourceTree = "<group>"; };
/* End PBXFileReference section */

/* Begin PBXFrameworksBuildPhase section */
		37C8ED6020A3358E001145EE /* Frameworks */ = {
			isa = PBXFrameworksBuildPhase;
			buildActionMask = 2147483647;
			files = (
			);
			runOnlyForDeploymentPostprocessing = 0;
		};
/* End PBXFrameworksBuildPhase section */

/* Begin PBXGroup section */
		37C8ED5A20A3358E001145EE = {
			isa = PBXGroup;
			children = (
				37C8ED6520A3358F001145EE /* magic 8 ball */,
				37C8ED6420A3358F001145EE /* Products */,
			);
			sourceTree = "<group>";
		};
		37C8ED6420A3358F001145EE /* Products */ = {
			isa = PBXGroup;
			children = (
				37C8ED6320A3358F001145EE /* magic 8 ball.app */,
			);
			name = Products;
			sourceTree = "<group>";
		};
		37C8ED6520A3358F001145EE /* magic 8 ball */ = {
			isa = PBXGroup;
			children = (
				37C8ED6620A3358F001145EE /* AppDelegate.swift */,
				37C8ED6820A3358F001145EE /* ViewController.swift */,
				37C8ED6A20A3358F001145EE /* Main.storyboard */,
				37C8ED6D20A3358F001145EE /* Assets.xcassets */,
				37C8ED6F20A3358F001145EE /* LaunchScreen.storyboard */,
				37C8ED7220A3358F001145EE /* Info.plist */,
			);
			path = "magic 8 ball";
			sourceTree = "<group>";
		};
/* End PBXGroup section */

/* Begin PBXNativeTarget section */
		37C8ED6220A3358E001145EE /* magic 8 ball */ = {
			isa = PBXNativeTarget;
			buildConfigurationList = 37C8ED7520A3358F001145EE /* Build configuration list for PBXNativeTarget "magic 8 ball" */;
			buildPhases = (
				37C8ED5F20A3358E001145EE /* Sources */,
				37C8ED6020A3358E001145EE /* Frameworks */,
				37C8ED6120A3358E001145EE /* Resources */,
			);
			buildRules = (
			);
			dependencies = (
			);
			name = "magic 8 ball";
			productName = "magic 8 ball";
			productReference = 37C8ED6320A3358F001145EE /* magic 8 ball.app */;
			productType = "com.apple.product-type.application";
		};
/* End PBXNativeTarget section */

/* Begin PBXProject section */
		37C8ED5B20A3358E001145EE /* Project object */ = {
			isa = PBXProject;
			attributes = {
				LastSwiftUpdateCheck = 0800;
				LastUpgradeCheck = 0800;
				ORGANIZATIONNAME = "Mohamed A.Hegab";
				TargetAttributes = {
					37C8ED6220A3358E001145EE = {
						CreatedOnToolsVersion = 8.0;
						ProvisioningStyle = Automatic;
					};
				};
			};
			buildConfigurationList = 37C8ED5E20A3358E001145EE /* Build configuration list for PBXProject "magic 8 ball" */;
			compatibilityVersion = "Xcode 3.2";
			developmentRegion = English;
			hasScannedForEncodings = 0;
			knownRegions = (
				en,
				Base,
			);
			mainGroup = 37C8ED5A20A3358E001145EE;
			productRefGroup = 37C8ED6420A3358F001145EE /* Products */;
			projectDirPath = "";
			projectRoot = "";
			targets = (
				37C8ED6220A3358E001145EE /* magic 8 ball */,
			);
		};
/* End PBXProject section */

/* Begin PBXResourcesBuildPhase section */
		37C8ED6120A3358E001145EE /* Resources */ = {
			isa = PBXResourcesBuildPhase;
			buildActionMask = 2147483647;
			files = (
				37C8ED7120A3358F001145EE /* LaunchScreen.storyboard in Resources */,
				37C8ED6E20A3358F001145EE /* Assets.xcassets in Resources */,
				37C8ED6C20A3358F001145EE /* Main.storyboard in Resources */,
			);
			runOnlyForDeploymentPostprocessing = 0;
		};
/* End PBXResourcesBuildPhase section */

/* Begin PBXSourcesBuildPhase section */
		37C8ED5F20A3358E001145EE /* Sources */ = {
			isa = PBXSourcesBuildPhase;
			buildActionMask = 2147483647;
			files = (
				37C8ED6920A3358F001145EE /* ViewController.swift in Sources */,
				37C8ED6720A3358F001145EE /* AppDelegate.swift in Sources */,
			);
			runOnlyForDeploymentPostprocessing = 0;
		};
/* End PBXSourcesBuildPhase section */

/* Begin PBXVariantGroup section */
		37C8ED6A20A3358F001145EE /* Main.storyboard */ = {
			isa = PBXVariantGroup;
			children = (
				37C8ED6B20A3358F001145EE /* Base */,
			);
			name = Main.storyboard;
			sourceTree = "<group>";
		};
		37C8ED6F20A3358F001145EE /* LaunchScreen.storyboard */ = {
			isa = PBXVariantGroup;
			children = (
				37C8ED7020A3358F001145EE /* Base */,
			);
			name = LaunchScreen.storyboard;
			sourceTree = "<group>";
		};
/* End PBXVariantGroup section */

/* Begin XCBuildConfiguration section */
		37C8ED7320A3358F001145EE /* Debug */ = {
			isa = XCBuildConfiguration;
			buildSettings = {
				ALWAYS_SEARCH_USER_PATHS = NO;
				CLANG_ANALYZER_NONNULL = YES;
				CLANG_CXX_LANGUAGE_STANDARD = "gnu++0x";
				CLANG_CXX_LIBRARY = "libc++";
				CLANG_ENABLE_MODULES = YES;
				CLANG_ENABLE_OBJC_ARC = YES;
				CLANG_WARN_BOOL_CONVERSION = YES;
				CLANG_WARN_CONSTANT_CONVERSION = YES;
				CLANG_WARN_DIRECT_OBJC_ISA_USAGE = YES_ERROR;
				CLANG_WARN_DOCUMENTATION_COMMENTS = YES;
				CLANG_WARN_EMPTY_BODY = YES;
				CLANG_WARN_ENUM_CONVERSION = YES;
				CLANG_WARN_INFINITE_RECURSION = YES;
				CLANG_WARN_INT_CONVERSION = YES;
				CLANG_WARN_OBJC_ROOT_CLASS = YES_ERROR;
				CLANG_WARN_SUSPICIOUS_MOVES = YES;
				CLANG_WARN_UNREACHABLE_CODE = YES;
				CLANG_WARN__DUPLICATE_METHOD_MATCH = YES;
				"CODE_SIGN_IDENTITY[sdk=iphoneos*]" = "iPhone Developer";
				COPY_PHASE_STRIP = NO;
				DEBUG_INFORMATION_FORMAT = dwarf;
				ENABLE_STRICT_OBJC_MSGSEND = YES;
				ENABLE_TESTABILITY = YES;
				GCC_C_LANGUAGE_STANDARD = gnu99;
				GCC_DYNAMIC_NO_PIC = NO;
				GCC_NO_COMMON_BLOCKS = YES;
				GCC_OPTIMIZATION_LEVEL = 0;
				GCC_PREPROCESSOR_DEFINITIONS = (
					"DEBUG=1",
					"$(inherited)",
				);
				GCC_WARN_64_TO_32_BIT_CONVERSION = YES;
				GCC_WARN_ABOUT_RETURN_TYPE = YES_ERROR;
				GCC_WARN_UNDECLARED_SELECTOR = YES;
				GCC_WARN_UNINITIALIZED_AUTOS = YES_AGGRESSIVE;
				GCC_WARN_UNUSED_FUNCTION = YES;
				GCC_WARN_UNUSED_VARIABLE = YES;
				IPHONEOS_DEPLOYMENT_TARGET = 10.0;
				MTL_ENABLE_DEBUG_INFO = YES;
				ONLY_ACTIVE_ARCH = YES;
				SDKROOT = iphoneos;
				SWIFT_ACTIVE_COMPILATION_CONDITIONS = DEBUG;
				SWIFT_OPTIMIZATION_LEVEL = "-Onone";
			};
			name = Debug;
		};
		37C8ED7420A3358F001145EE /* Release */ = {
			isa = XCBuildConfiguration;
			buildSettings = {
				ALWAYS_SEARCH_USER_PATHS = NO;
				CLANG_ANALYZER_NONNULL = YES;
				CLANG_CXX_LANGUAGE_STANDARD = "gnu++0x";
				CLANG_CXX_LIBRARY = "libc++";
				CLANG_ENABLE_MODULES = YES;
				CLANG_ENABLE_OBJC_ARC = YES;
				CLANG_WARN_BOOL_CONVERSION = YES;
				CLANG_WARN_CONSTANT_CONVERSION = YES;
				CLANG_WARN_DIRECT_OBJC_ISA_USAGE = YES_ERROR;
				CLANG_WARN_DOCUMENTATION_COMMENTS = YES;
				CLANG_WARN_EMPTY_BODY = YES;
				CLANG_WARN_ENUM_CONVERSION = YES;
				CLANG_WARN_INFINITE_RECURSION = YES;
				CLANG_WARN_INT_CONVERSION = YES;
				CLANG_WARN_OBJC_ROOT_CLASS = YES_ERROR;
				CLANG_WARN_SUSPICIOUS_MOVES = YES;
				CLANG_WARN_UNREACHABLE_CODE = YES;
				CLANG_WARN__DUPLICATE_METHOD_MATCH = YES;
				"CODE_SIGN_IDENTITY[sdk=iphoneos*]" = "iPhone Developer";
				COPY_PHASE_STRIP = NO;
				DEBUG_INFORMATION_FORMAT = "dwarf-with-dsym";
				ENABLE_NS_ASSERTIONS = NO;
				ENABLE_STRICT_OBJC_MSGSEND = YES;
				GCC_C_LANGUAGE_STANDARD = gnu99;
				GCC_NO_COMMON_BLOCKS = YES;
				GCC_WARN_64_TO_32_BIT_CONVERSION = YES;
				GCC_WARN_ABOUT_RETURN_TYPE = YES_ERROR;
				GCC_WARN_UNDECLARED_SELECTOR = YES;
				GCC_WARN_UNINITIALIZED_AUTOS = YES_AGGRESSIVE;
				GCC_WARN_UNUSED_FUNCTION = YES;
				GCC_WARN_UNUSED_VARIABLE = YES;
				IPHONEOS_DEPLOYMENT_TARGET = 10.0;
				MTL_ENABLE_DEBUG_INFO = NO;
				SDKROOT = iphoneos;
				SWIFT_OPTIMIZATION_LEVEL = "-Owholemodule";
				VALIDATE_PRODUCT = YES;
			};
			name = Release;
		};
		37C8ED7620A3358F001145EE /* Debug */ = {
			isa = XCBuildConfiguration;
			buildSettings = {
				ASSETCATALOG_COMPILER_APPICON_NAME = AppIcon;
				INFOPLIST_FILE = "magic 8 ball/Info.plist";
				LD_RUNPATH_SEARCH_PATHS = "$(inherited) @executable_path/Frameworks";
				PRODUCT_BUNDLE_IDENTIFIER = "mo.magic-8-ball";
				PRODUCT_NAME = "$(TARGET_NAME)";
				SWIFT_VERSION = 3.0;
			};
			name = Debug;
		};
		37C8ED7720A3358F001145EE /* Release */ = {
			isa = XCBuildConfiguration;
			buildSettings = {
				ASSETCATALOG_COMPILER_APPICON_NAME = AppIcon;
				INFOPLIST_FILE = "magic 8 ball/Info.plist";
				LD_RUNPATH_SEARCH_PATHS = "$(inherited) @executable_path/Frameworks";
				PRODUCT_BUNDLE_IDENTIFIER = "mo.magic-8-ball";
				PRODUCT_NAME = "$(TARGET_NAME)";
				SWIFT_VERSION = 3.0;
			};
			name = Release;
		};
/* End XCBuildConfiguration section */

/* Begin XCConfigurationList section */
		37C8ED5E20A3358E001145EE /* Build configuration list for PBXProject "magic 8 ball" */ = {
			isa = XCConfigurationList;
			buildConfigurations = (
				37C8ED7320A3358F001145EE /* Debug */,
				37C8ED7420A3358F001145EE /* Release */,
			);
			defaultConfigurationIsVisible = 0;
			defaultConfigurationName = Release;
		};
		37C8ED7520A3358F001145EE /* Build configuration list for PBXNativeTarget "magic 8 ball" */ = {
			isa = XCConfigurationList;
			buildConfigurations = (
				37C8ED7620A3358F001145EE /* Debug */,
				37C8ED7720A3358F001145EE /* Release */,
			);
			defaultConfigurationIsVisible = 0;
		};
/* End XCConfigurationList section */
	};
	rootObject = 37C8ED5B20A3358E001145EE /* Project object */;
}
